// !$*UTF8*$!
{
	archiveVersion = 1;
	classes = {
	};
	objectVersion = 46;
	objects = {

/* Begin PBXBuildFile section */
		C54D40931D02937A006AF358 /* AppDelegate.swift in Sources */ = {isa = PBXBuildFile; fileRef = C54D40921D02937A006AF358 /* AppDelegate.swift */; };
		C54D40951D02937A006AF358 /* ViewController.swift in Sources */ = {isa = PBXBuildFile; fileRef = C54D40941D02937A006AF358 /* ViewController.swift */; };
		C54D40981D02937A006AF358 /* Main.storyboard in Resources */ = {isa = PBXBuildFile; fileRef = C54D40961D02937A006AF358 /* Main.storyboard */; };
		C54D409A1D02937A006AF358 /* Assets.xcassets in Resources */ = {isa = PBXBuildFile; fileRef = C54D40991D02937A006AF358 /* Assets.xcassets */; };
		C54D409D1D02937A006AF358 /* LaunchScreen.storyboard in Resources */ = {isa = PBXBuildFile; fileRef = C54D409B1D02937A006AF358 /* LaunchScreen.storyboard */; };
		C54D40A81D02937A006AF358 /* FontSampleTests.swift in Sources */ = {isa = PBXBuildFile; fileRef = C54D40A71D02937A006AF358 /* FontSampleTests.swift */; };
/* End PBXBuildFile section */

/* Begin PBXContainerItemProxy section */
		C54D40A41D02937A006AF358 /* PBXContainerItemProxy */ = {
			isa = PBXContainerItemProxy;
			containerPortal = C54D40871D02937A006AF358 /* Project object */;
			proxyType = 1;
			remoteGlobalIDString = C54D408E1D02937A006AF358;
			remoteInfo = FontSample;
		};
/* End PBXContainerItemProxy section */

/* Begin PBXFileReference section */
		C54D408F1D02937A006AF358 /* FontSample.app */ = {isa = PBXFileReference; explicitFileType = wrapper.application; includeInIndex = 0; path = FontSample.app; sourceTree = BUILT_PRODUCTS_DIR; };
		C54D40921D02937A006AF358 /* AppDelegate.swift */ = {isa = PBXFileReference; lastKnownFileType = sourcecode.swift; path = AppDelegate.swift; sourceTree = "<group>"; };
		C54D40941D02937A006AF358 /* ViewController.swift */ = {isa = PBXFileReference; lastKnownFileType = sourcecode.swift; path = ViewController.swift; sourceTree = "<group>"; };
		C54D40971D02937A006AF358 /* Base */ = {isa = PBXFileReference; lastKnownFileType = file.storyboard; name = Base; path = Base.lproj/Main.storyboard; sourceTree = "<group>"; };
		C54D40991D02937A006AF358 /* Assets.xcassets */ = {isa = PBXFileReference; lastKnownFileType = folder.assetcatalog; path = Assets.xcassets; sourceTree = "<group>"; };
		C54D409C1D02937A006AF358 /* Base */ = {isa = PBXFileReference; lastKnownFileType = file.storyboard; name = Base; path = Base.lproj/LaunchScreen.storyboard; sourceTree = "<group>"; };
		C54D409E1D02937A006AF358 /* Info.plist */ = {isa = PBXFileReference; lastKnownFileType = text.plist.xml; path = Info.plist; sourceTree = "<group>"; };
		C54D40A31D02937A006AF358 /* FontSampleTests.xctest */ = {isa = PBXFileReference; explicitFileType = wrapper.cfbundle; includeInIndex = 0; path = FontSampleTests.xctest; sourceTree = BUILT_PRODUCTS_DIR; };
		C54D40A71D02937A006AF358 /* FontSampleTests.swift */ = {isa = PBXFileReference; lastKnownFileType = sourcecode.swift; path = FontSampleTests.swift; sourceTree = "<group>"; };
		C54D40A91D02937A006AF358 /* Info.plist */ = {isa = PBXFileReference; lastKnownFileType = text.plist.xml; path = Info.plist; sourceTree = "<group>"; };
/* End PBXFileReference section */

/* Begin PBXFrameworksBuildPhase section */
		C54D408C1D02937A006AF358 /* Frameworks */ = {
			isa = PBXFrameworksBuildPhase;
			buildActionMask = 2147483647;
			files = (
			);
			runOnlyForDeploymentPostprocessing = 0;
		};
		C54D40A01D02937A006AF358 /* Frameworks */ = {
			isa = PBXFrameworksBuildPhase;
			buildActionMask = 2147483647;
			files = (
			);
			runOnlyForDeploymentPostprocessing = 0;
		};
/* End PBXFrameworksBuildPhase section */

/* Begin PBXGroup section */
		C54D40861D02937A006AF358 = {
			isa = PBXGroup;
			children = (
				C54D40911D02937A006AF358 /* FontSample */,
				C54D40A61D02937A006AF358 /* FontSampleTests */,
				C54D40901D02937A006AF358 /* Products */,
			);
			sourceTree = "<group>";
		};
		C54D40901D02937A006AF358 /* Products */ = {
			isa = PBXGroup;
			children = (
				C54D408F1D02937A006AF358 /* FontSample.app */,
				C54D40A31D02937A006AF358 /* FontSampleTests.xctest */,
			);
			name = Products;
			sourceTree = "<group>";
		};
		C54D40911D02937A006AF358 /* FontSample */ = {
			isa = PBXGroup;
			children = (
				C54D40921D02937A006AF358 /* AppDelegate.swift */,
				C54D40941D02937A006AF358 /* ViewController.swift */,
				C54D40961D02937A006AF358 /* Main.storyboard */,
				C54D40991D02937A006AF358 /* Assets.xcassets */,
				C54D409B1D02937A006AF358 /* LaunchScreen.storyboard */,
				C54D409E1D02937A006AF358 /* Info.plist */,
			);
			path = FontSample;
			sourceTree = "<group>";
		};
		C54D40A61D02937A006AF358 /* FontSampleTests */ = {
			isa = PBXGroup;
			children = (
				C54D40A71D02937A006AF358 /* FontSampleTests.swift */,
				C54D40A91D02937A006AF358 /* Info.plist */,
			);
			path = FontSampleTests;
			sourceTree = "<group>";
		};
/* End PBXGroup section */

/* Begin PBXNativeTarget section */
		C54D408E1D02937A006AF358 /* FontSample */ = {
			isa = PBXNativeTarget;
			buildConfigurationList = C54D40AC1D02937A006AF358 /* Build configuration list for PBXNativeTarget "FontSample" */;
			buildPhases = (
				C54D408B1D02937A006AF358 /* Sources */,
				C54D408C1D02937A006AF358 /* Frameworks */,
				C54D408D1D02937A006AF358 /* Resources */,
			);
			buildRules = (
			);
			dependencies = (
			);
			name = FontSample;
			productName = FontSample;
			productReference = C54D408F1D02937A006AF358 /* FontSample.app */;
			productType = "com.apple.product-type.application";
		};
		C54D40A21D02937A006AF358 /* FontSampleTests */ = {
			isa = PBXNativeTarget;
			buildConfigurationList = C54D40AF1D02937A006AF358 /* Build configuration list for PBXNativeTarget "FontSampleTests" */;
			buildPhases = (
				C54D409F1D02937A006AF358 /* Sources */,
				C54D40A01D02937A006AF358 /* Frameworks */,
				C54D40A11D02937A006AF358 /* Resources */,
			);
			buildRules = (
			);
			dependencies = (
				C54D40A51D02937A006AF358 /* PBXTargetDependency */,
			);
			name = FontSampleTests;
			productName = FontSampleTests;
			productReference = C54D40A31D02937A006AF358 /* FontSampleTests.xctest */;
			productType = "com.apple.product-type.bundle.unit-test";
		};
/* End PBXNativeTarget section */

/* Begin PBXProject section */
		C54D40871D02937A006AF358 /* Project object */ = {
			isa = PBXProject;
			attributes = {
				LastSwiftUpdateCheck = 0730;
				LastUpgradeCheck = 0730;
				ORGANIZATIONNAME = SoraUsagi;
				TargetAttributes = {
					C54D408E1D02937A006AF358 = {
						CreatedOnToolsVersion = 7.3.1;
					};
					C54D40A21D02937A006AF358 = {
						CreatedOnToolsVersion = 7.3.1;
						TestTargetID = C54D408E1D02937A006AF358;
					};
				};
			};
			buildConfigurationList = C54D408A1D02937A006AF358 /* Build configuration list for PBXProject "FontSample" */;
			compatibilityVersion = "Xcode 3.2";
			developmentRegion = English;
			hasScannedForEncodings = 0;
			knownRegions = (
				en,
				Base,
			);
			mainGroup = C54D40861D02937A006AF358;
			productRefGroup = C54D40901D02937A006AF358 /* Products */;
			projectDirPath = "";
			projectRoot = "";
			targets = (
				C54D408E1D02937A006AF358 /* FontSample */,
				C54D40A21D02937A006AF358 /* FontSampleTests */,
			);
		};
/* End PBXProject section */

/* Begin PBXResourcesBuildPhase section */
		C54D408D1D02937A006AF358 /* Resources */ = {
			isa = PBXResourcesBuildPhase;
			buildActionMask = 2147483647;
			files = (
				C54D409D1D02937A006AF358 /* LaunchScreen.storyboard in Resources */,
				C54D409A1D02937A006AF358 /* Assets.xcassets in Resources */,
				C54D40981D02937A006AF358 /* Main.storyboard in Resources */,
			);
			runOnlyForDeploymentPostprocessing = 0;
		};
		C54D40A11D02937A006AF358 /* Resources */ = {
			isa = PBXResourcesBuildPhase;
			buildActionMask = 2147483647;
			files = (
			);
			runOnlyForDeploymentPostprocessing = 0;
		};
/* End PBXResourcesBuildPhase section */

/* Begin PBXSourcesBuildPhase section */
		C54D408B1D02937A006AF358 /* Sources */ = {
			isa = PBXSourcesBuildPhase;
			buildActionMask = 2147483647;
			files = (
				C54D40951D02937A006AF358 /* ViewController.swift in Sources */,
				C54D40931D02937A006AF358 /* AppDelegate.swift in Sources */,
			);
			runOnlyForDeploymentPostprocessing = 0;
		};
		C54D409F1D02937A006AF358 /* Sources */ = {
			isa = PBXSourcesBuildPhase;
			buildActionMask = 2147483647;
			files = (
				C54D40A81D02937A006AF358 /* FontSampleTests.swift in Sources */,
			);
			runOnlyForDeploymentPostprocessing = 0;
		};
/* End PBXSourcesBuildPhase section */

/* Begin PBXTargetDependency section */
		C54D40A51D02937A006AF358 /* PBXTargetDependency */ = {
			isa = PBXTargetDependency;
			target = C54D408E1D02937A006AF358 /* FontSample */;
			targetProxy = C54D40A41D02937A006AF358 /* PBXContainerItemProxy */;
		};
/* End PBXTargetDependency section */

/* Begin PBXVariantGroup section */
		C54D40961D02937A006AF358 /* Main.storyboard */ = {
			isa = PBXVariantGroup;
			children = (
				C54D40971D02937A006AF358 /* Base */,
			);
			name = Main.storyboard;
			sourceTree = "<group>";
		};
		C54D409B1D02937A006AF358 /* LaunchScreen.storyboard */ = {
			isa = PBXVariantGroup;
			children = (
				C54D409C1D02937A006AF358 /* Base */,
			);
			name = LaunchScreen.storyboard;
			sourceTree = "<group>";
		};
/* End PBXVariantGroup section */

/* Begin XCBuildConfiguration section */
		C54D40AA1D02937A006AF358 /* Debug */ = {
			isa = XCBuildConfiguration;
			buildSettings = {
				ALWAYS_SEARCH_USER_PATHS = NO;
				CLANG_ANALYZER_NONNULL = YES;
				CLANG_CXX_LANGUAGE_STANDARD = "gnu++0x";
				CLANG_CXX_LIBRARY = "libc++";
				CLANG_ENABLE_MODULES = YES;
				CLANG_ENABLE_OBJC_ARC = YES;
				CLANG_WARN_BOOL_CONVERSION = YES;
				CLANG_WARN_CONSTANT_CONVERSION = YES;
				CLANG_WARN_DIRECT_OBJC_ISA_USAGE = YES_ERROR;
				CLANG_WARN_EMPTY_BODY = YES;
				CLANG_WARN_ENUM_CONVERSION = YES;
				CLANG_WARN_INT_CONVERSION = YES;
				CLANG_WARN_OBJC_ROOT_CLASS = YES_ERROR;
				CLANG_WARN_UNREACHABLE_CODE = YES;
				CLANG_WARN__DUPLICATE_METHOD_MATCH = YES;
				"CODE_SIGN_IDENTITY[sdk=iphoneos*]" = "iPhone Developer";
				COPY_PHASE_STRIP = NO;
				DEBUG_INFORMATION_FORMAT = dwarf;
				ENABLE_STRICT_OBJC_MSGSEND = YES;
				ENABLE_TESTABILITY = YES;
				GCC_C_LANGUAGE_STANDARD = gnu99;
				GCC_DYNAMIC_NO_PIC = NO;
				GCC_NO_COMMON_BLOCKS = YES;
				GCC_OPTIMIZATION_LEVEL = 0;
				GCC_PREPROCESSOR_DEFINITIONS = (
					"DEBUG=1",
					"$(inherited)",
				);
				GCC_WARN_64_TO_32_BIT_CONVERSION = YES;
				GCC_WARN_ABOUT_RETURN_TYPE = YES_ERROR;
				GCC_WARN_UNDECLARED_SELECTOR = YES;
				GCC_WARN_UNINITIALIZED_AUTOS = YES_AGGRESSIVE;
				GCC_WARN_UNUSED_FUNCTION = YES;
				GCC_WARN_UNUSED_VARIABLE = YES;
				IPHONEOS_DEPLOYMENT_TARGET = 9.0;
				MTL_ENABLE_DEBUG_INFO = YES;
				ONLY_ACTIVE_ARCH = YES;
				SDKROOT = iphoneos;
				SWIFT_OPTIMIZATION_LEVEL = "-Onone";
			};
			name = Debug;
		};
		C54D40AB1D02937A006AF358 /* Release */ = {
			isa = XCBuildConfiguration;
			buildSettings = {
				ALWAYS_SEARCH_USER_PATHS = NO;
				CLANG_ANALYZER_NONNULL = YES;
				CLANG_CXX_LANGUAGE_STANDARD = "gnu++0x";
				CLANG_CXX_LIBRARY = "libc++";
				CLANG_ENABLE_MODULES = YES;
				CLANG_ENABLE_OBJC_ARC = YES;
				CLANG_WARN_BOOL_CONVERSION = YES;
				CLANG_WARN_CONSTANT_CONVERSION = YES;
				CLANG_WARN_DIRECT_OBJC_ISA_USAGE = YES_ERROR;
				CLANG_WARN_EMPTY_BODY = YES;
				CLANG_WARN_ENUM_CONVERSION = YES;
				CLANG_WARN_INT_CONVERSION = YES;
				CLANG_WARN_OBJC_ROOT_CLASS = YES_ERROR;
				CLANG_WARN_UNREACHABLE_CODE = YES;
				CLANG_WARN__DUPLICATE_METHOD_MATCH = YES;
				"CODE_SIGN_IDENTITY[sdk=iphoneos*]" = "iPhone Developer";
				COPY_PHASE_STRIP = NO;
				DEBUG_INFORMATION_FORMAT = "dwarf-with-dsym";
				ENABLE_NS_ASSERTIONS = NO;
				ENABLE_STRICT_OBJC_MSGSEND = YES;
				GCC_C_LANGUAGE_STANDARD = gnu99;
				GCC_NO_COMMON_BLOCKS = YES;
				GCC_WARN_64_TO_32_BIT_CONVERSION = YES;
				GCC_WARN_ABOUT_RETURN_TYPE = YES_ERROR;
				GCC_WARN_UNDECLARED_SELECTOR = YES;
				GCC_WARN_UNINITIALIZED_AUTOS = YES_AGGRESSIVE;
				GCC_WARN_UNUSED_FUNCTION = YES;
				GCC_WARN_UNUSED_VARIABLE = YES;
				IPHONEOS_DEPLOYMENT_TARGET = 9.0;
				MTL_ENABLE_DEBUG_INFO = NO;
				SDKROOT = iphoneos;
				VALIDATE_PRODUCT = YES;
			};
			name = Release;
		};
		C54D40AD1D02937A006AF358 /* Debug */ = {
			isa = XCBuildConfiguration;
			buildSettings = {
				ASSETCATALOG_COMPILER_APPICON_NAME = AppIcon;
				INFOPLIST_FILE = FontSample/Info.plist;
				LD_RUNPATH_SEARCH_PATHS = "$(inherited) @executable_path/Frameworks";
				PRODUCT_BUNDLE_IDENTIFIER = org.sorausagi.FontSample;
				PRODUCT_NAME = "$(TARGET_NAME)";
			};
			name = Debug;
		};
		C54D40AE1D02937A006AF358 /* Release */ = {
			isa = XCBuildConfiguration;
			buildSettings = {
				ASSETCATALOG_COMPILER_APPICON_NAME = AppIcon;
				INFOPLIST_FILE = FontSample/Info.plist;
				LD_RUNPATH_SEARCH_PATHS = "$(inherited) @executable_path/Frameworks";
				PRODUCT_BUNDLE_IDENTIFIER = org.sorausagi.FontSample;
				PRODUCT_NAME = "$(TARGET_NAME)";
			};
			name = Release;
		};
		C54D40B01D02937A006AF358 /* Debug */ = {
			isa = XCBuildConfiguration;
			buildSettings = {
				BUNDLE_LOADER = "$(TEST_HOST)";
				INFOPLIST_FILE = FontSampleTests/Info.plist;
				LD_RUNPATH_SEARCH_PATHS = "$(inherited) @executable_path/Frameworks @loader_path/Frameworks";
				PRODUCT_BUNDLE_IDENTIFIER = org.sorausagi.FontSampleTests;
				PRODUCT_NAME = "$(TARGET_NAME)";
				TEST_HOST = "$(BUILT_PRODUCTS_DIR)/FontSample.app/FontSample";
			};
			name = Debug;
		};
		C54D40B11D02937A006AF358 /* Release */ = {
			isa = XCBuildConfiguration;
			buildSettings = {
				BUNDLE_LOADER = "$(TEST_HOST)";
				INFOPLIST_FILE = FontSampleTests/Info.plist;
				LD_RUNPATH_SEARCH_PATHS = "$(inherited) @executable_path/Frameworks @loader_path/Frameworks";
				PRODUCT_BUNDLE_IDENTIFIER = org.sorausagi.FontSampleTests;
				PRODUCT_NAME = "$(TARGET_NAME)";
				TEST_HOST = "$(BUILT_PRODUCTS_DIR)/FontSample.app/FontSample";
			};
			name = Release;
		};
/* End XCBuildConfiguration section */

/* Begin XCConfigurationList section */
		C54D408A1D02937A006AF358 /* Build configuration list for PBXProject "FontSample" */ = {
			isa = XCConfigurationList;
			buildConfigurations = (
				C54D40AA1D02937A006AF358 /* Debug */,
				C54D40AB1D02937A006AF358 /* Release */,
			);
			defaultConfigurationIsVisible = 0;
			defaultConfigurationName = Release;
		};
		C54D40AC1D02937A006AF358 /* Build configuration list for PBXNativeTarget "FontSample" */ = {
			isa = XCConfigurationList;
			buildConfigurations = (
				C54D40AD1D02937A006AF358 /* Debug */,
				C54D40AE1D02937A006AF358 /* Release */,
			);
			defaultConfigurationIsVisible = 0;
		};
		C54D40AF1D02937A006AF358 /* Build configuration list for PBXNativeTarget "FontSampleTests" */ = {
			isa = XCConfigurationList;
			buildConfigurations = (
				C54D40B01D02937A006AF358 /* Debug */,
				C54D40B11D02937A006AF358 /* Release */,
			);
			defaultConfigurationIsVisible = 0;
		};
/* End XCConfigurationList section */
	};
	rootObject = C54D40871D02937A006AF358 /* Project object */;
}
